
Microsoft Visual Studio Solution File, Format Version 12.00
# Visual Studio Version 16
VisualStudioVersion = 16.0.28407.52
MinimumVisualStudioVersion = 10.0.40219.1
Project("{FAE04EC0-301F-11D3-BF4B-00C04F79EFBC}") = "CatMash", "CatMash\CatMash.csproj", "{6DE67225-0ED4-471D-BF38-56B70ECE00FC}"
EndProject
Global
	GlobalSection(SolutionConfigurationPlatforms) = preSolution
		Debug|Any CPU = Debug|Any CPU
		Release|Any CPU = Release|Any CPU
	EndGlobalSection
	GlobalSection(ProjectConfigurationPlatforms) = postSolution
		{6DE67225-0ED4-471D-BF38-56B70ECE00FC}.Debug|Any CPU.ActiveCfg = Debug|Any CPU
		{6DE67225-0ED4-471D-BF38-56B70ECE00FC}.Debug|Any CPU.Build.0 = Debug|Any CPU
		{6DE67225-0ED4-471D-BF38-56B70ECE00FC}.Release|Any CPU.ActiveCfg = Release|Any CPU
		{6DE67225-0ED4-471D-BF38-56B70ECE00FC}.Release|Any CPU.Build.0 = Release|Any CPU
	EndGlobalSection
	GlobalSection(SolutionProperties) = preSolution
		HideSolutionNode = FALSE
	EndGlobalSection
	GlobalSection(ExtensibilityGlobals) = postSolution
		SolutionGuid = {4EFBA1D7-5BCE-4109-9C9F-37C54EEEAB45}
	EndGlobalSection
EndGlobal
